
Microsoft Visual Studio Solution File, Format Version 12.00
# Visual Studio Version 17
VisualStudioVersion = 17.4.33403.182
MinimumVisualStudioVersion = 10.0.40219.1
Project("{FAE04EC0-301F-11D3-BF4B-00C04F79EFBC}") = "LicentaFinal", "LicentaFinal.csproj", "{1CB50C31-EA33-401A-9EE1-32B99EF924D1}"
EndProject
Global
	GlobalSection(SolutionConfigurationPlatforms) = preSolution
		Debug|Any CPU = Debug|Any CPU
		Release|Any CPU = Release|Any CPU
	EndGlobalSection
	GlobalSection(ProjectConfigurationPlatforms) = postSolution
		{1CB50C31-EA33-401A-9EE1-32B99EF924D1}.Debug|Any CPU.ActiveCfg = Debug|Any CPU
		{1CB50C31-EA33-401A-9EE1-32B99EF924D1}.Debug|Any CPU.Build.0 = Debug|Any CPU
		{1CB50C31-EA33-401A-9EE1-32B99EF924D1}.Release|Any CPU.ActiveCfg = Release|Any CPU
		{1CB50C31-EA33-401A-9EE1-32B99EF924D1}.Release|Any CPU.Build.0 = Release|Any CPU
	EndGlobalSection
	GlobalSection(SolutionProperties) = preSolution
		HideSolutionNode = FALSE
	EndGlobalSection
	GlobalSection(ExtensibilityGlobals) = postSolution
		SolutionGuid = {91C203DE-AF01-442B-B9C4-AEC04F6CD42A}
	EndGlobalSection
EndGlobal
